
Microsoft Visual Studio Solution File, Format Version 12.00
# Visual Studio Version 17
VisualStudioVersion = 17.5.33424.131
MinimumVisualStudioVersion = 10.0.40219.1
Project("{FAE04EC0-301F-11D3-BF4B-00C04F79EFBC}") = "RDRCPGen", "RDRCPGen.csproj", "{73DC13C3-FCAA-42D0-85AD-3BDB742D82E5}"
EndProject
Global
	GlobalSection(SolutionConfigurationPlatforms) = preSolution
		Debug|Any CPU = Debug|Any CPU
		Release|Any CPU = Release|Any CPU
	EndGlobalSection
	GlobalSection(ProjectConfigurationPlatforms) = postSolution
		{73DC13C3-FCAA-42D0-85AD-3BDB742D82E5}.Debug|Any CPU.ActiveCfg = Debug|Any CPU
		{73DC13C3-FCAA-42D0-85AD-3BDB742D82E5}.Debug|Any CPU.Build.0 = Debug|Any CPU
		{73DC13C3-FCAA-42D0-85AD-3BDB742D82E5}.Release|Any CPU.ActiveCfg = Release|Any CPU
		{73DC13C3-FCAA-42D0-85AD-3BDB742D82E5}.Release|Any CPU.Build.0 = Release|Any CPU
	EndGlobalSection
	GlobalSection(SolutionProperties) = preSolution
		HideSolutionNode = FALSE
	EndGlobalSection
	GlobalSection(ExtensibilityGlobals) = postSolution
		SolutionGuid = {DFBEF43D-0A89-4A5A-8FAC-11215A8B96B5}
	EndGlobalSection
EndGlobal
